{
  "version": "3",
  "packages": {
    "specifiers": {
      "npm:@graph-algorithm/minimum-cut@^2.0.0": "npm:@graph-algorithm/minimum-cut@2.0.0",
      "npm:discontinuous-range@^1.0.0": "npm:discontinuous-range@1.0.0"
    },
    "npm": {
      "@data-structure/deque@9.0.1": {
        "integrity": "sha512-/LSOEPmWGZ10OiKfje06GNDM/fzbY1ZfXyvZKr+/a79ZTlGoTwsQW1uPvtmQDtBzs2h2VbPjHho4zNSP5YH0Zg==",
        "dependencies": {
          "@failure-abstraction/error": "@failure-abstraction/error@6.0.1"
        }
      },
      "@failure-abstraction/error@6.0.1": {
        "integrity": "sha512-KvIHhvwfrgbUduQbk55WRDGL2XcXjDLwleId+pSnK7mUUIY7zMGMy3N+ouDcOFymme48tKDlarKsYj5mEEd3fg==",
        "dependencies": {}
      },
      "@graph-algorithm/minimum-cut@2.0.0": {
        "integrity": "sha512-FKCejPcMHfr2lM/lTIqT2Yuel97kL2rv4D9UjwHNyL9uB4vqU/cvBEBjCV0tOwKfhCkg5GuBDQqxfjELkOmY0A==",
        "dependencies": {
          "@heap-data-structure/pairing-heap": "@heap-data-structure/pairing-heap@4.0.0",
          "@iterable-iterator/list": "@iterable-iterator/list@1.0.1",
          "@iterable-iterator/map": "@iterable-iterator/map@1.0.1",
          "@iterable-iterator/reduce": "@iterable-iterator/reduce@1.0.1",
          "@iterable-iterator/slice": "@iterable-iterator/slice@1.0.2",
          "@total-order/key": "@total-order/key@1.0.0",
          "@total-order/primitive": "@total-order/primitive@1.0.1"
        }
      },
      "@heap-data-structure/pairing-heap@4.0.0": {
        "integrity": "sha512-4wmedekJpr+gkktJ7VnmXTBvJWxvHmWtJT7uvS3cl7vzI4iDGaVVMPqdoWWIPZfaDkgd0kprb6XKBGaO7oFe5A==",
        "dependencies": {}
      },
      "@iterable-iterator/consume@1.0.1": {
        "integrity": "sha512-KVJufzV8/gOnYqrtO4CFdGZopJ5kkUBhzHcbU0iToOv5aTl0igxnsRzCaDSxUgO4q0mDbf9WEfjz4K39cl1iNA==",
        "dependencies": {}
      },
      "@iterable-iterator/iter@1.0.1": {
        "integrity": "sha512-/C/Ciq69we9C0wvqx0rOdnpXAoSW+UnyIV/ZQrUYDzmtguvUQ4HjiIPcU2Csdh705VS6TMkUhoaBHIGh44V3OA==",
        "dependencies": {}
      },
      "@iterable-iterator/list@1.0.1": {
        "integrity": "sha512-234a2cf0a0YhD1Ofb3F0xSjXDkqDK1xCiLnXoMUt/DWAt/odAvJToaxEFMemiKlAUvqF6E8MSi2v2UvlIOpBUA==",
        "dependencies": {}
      },
      "@iterable-iterator/map@1.0.1": {
        "integrity": "sha512-lUvX8/OCYRdof3eZii8ntJUvqW1MlL2ESkIcQj3cagajKVfBIBj058wE4ScrzQl6U2udMva/n2NwP70smdfZ+g==",
        "dependencies": {}
      },
      "@iterable-iterator/reduce@1.0.1": {
        "integrity": "sha512-/wwXupEhGb0cwVr4MDbuweD5tZ+wtd8fr8HkWwNre1lZn76Utu0um7nnhFpm9Mk3hifZzrH5dcKLhKB3VEuL/g==",
        "dependencies": {
          "@iterable-iterator/iter": "@iterable-iterator/iter@1.0.1"
        }
      },
      "@iterable-iterator/slice@1.0.2": {
        "integrity": "sha512-r6Z/RPZz4q8GAmqSDlHjTlHpFMDYmBlNQYZ4Rqp7xjn1ihsFVw+7WYH5ivPk11UbE/Inz1ZuBc01/vqT1F9U/g==",
        "dependencies": {
          "@data-structure/deque": "@data-structure/deque@9.0.1",
          "@iterable-iterator/consume": "@iterable-iterator/consume@1.0.1",
          "@iterable-iterator/iter": "@iterable-iterator/iter@1.0.1"
        }
      },
      "@total-order/key@1.0.0": {
        "integrity": "sha512-IPrGrxeqP6Oe7b1hrjUzDIWqMiLZV1qmlugbburk4neQKNPyjvQD1WKl0cCNepA20bwS/HrCyCCbRHPAsFm2rA==",
        "dependencies": {}
      },
      "@total-order/primitive@1.0.1": {
        "integrity": "sha512-BXCXyXoQIpdwFkplPRTuxFB0I1GHHia4t22bLAEqjdk48DFwQMwSbHq1EdLA81X/eFC/b6RdVxG4Q+WEcfs0aA==",
        "dependencies": {}
      },
      "discontinuous-range@1.0.0": {
        "integrity": "sha512-c68LpLbO+7kP/b1Hr1qs8/BJ09F5khZGTxqxZuhzxpmwJKOgRFHJWIb9/KmqnqHhLdO55aOxFH/EGBvUQbL/RQ==",
        "dependencies": {}
      }
    }
  },
  "remote": {
    "https://deno.land/std@0.210.0/assert/_constants.ts": "8a9da298c26750b28b326b297316cdde860bc237533b07e1337c021379e6b2a9",
    "https://deno.land/std@0.210.0/assert/_diff.ts": "2c9371f17cf08cbb843c924bc31ca77af422ec4fe162f73d42c651d547573fa8",
    "https://deno.land/std@0.210.0/assert/_format.ts": "335ce8e15c65b679ad142dbc9e5e97e5d58602c39dd3c9175cef6c85fe22d6d5",
    "https://deno.land/std@0.210.0/assert/assert.ts": "e265ad50a9341f3b40e51dd4cb41ab253d976943ba78a977106950e52e0302ab",
    "https://deno.land/std@0.210.0/assert/assert_almost_equals.ts": "a70d637856e1c6128dc733346d32aa73c67058489495116ca85091c39a60c767",
    "https://deno.land/std@0.210.0/assert/assert_array_includes.ts": "59d005d8897c1fbcbd5792170833f13a867f6a5ecd5a6b34a3d86b4b430de63c",
    "https://deno.land/std@0.210.0/assert/assert_equals.ts": "991b0c2b437a015d623654f758e48bfd931068211a52e8131b397cdf005c595f",
    "https://deno.land/std@0.210.0/assert/assert_exists.ts": "f24ecb0d3febad358a6cee235f012551077e07692517ebfe0630a561ba40a703",
    "https://deno.land/std@0.210.0/assert/assert_false.ts": "99cf237fe374cabf57072d2fb41b3eaff389029f850fbb96f643c875792f10ce",
    "https://deno.land/std@0.210.0/assert/assert_greater.ts": "e0bba9ac76a780573a864ab6eeb8b9fd71435b750bdd36d56a270e22ab9a79d9",
    "https://deno.land/std@0.210.0/assert/assert_greater_or_equal.ts": "aea1c7dc868926ba55f1e59f8c3560bb44706b5e3b6b009453ee4064eecf6746",
    "https://deno.land/std@0.210.0/assert/assert_instance_of.ts": "7c093d36b1a86666d5a60a8c290c91a51a627153b821a5a4dc40b24cab69f1e7",
    "https://deno.land/std@0.210.0/assert/assert_is_error.ts": "a8a758581661edec514c453910bee2f9c91b1346a515c58404963b130d81cd80",
    "https://deno.land/std@0.210.0/assert/assert_less.ts": "855aa58e49afa6a9e825f1abcd5947dc789c5878fc1b6f48b8a08115d48da32b",
    "https://deno.land/std@0.210.0/assert/assert_less_or_equal.ts": "2ae5246bd0e83da26e5c8e2815d1493252f71f7dc02afb83dc2fc0e0fb0bd894",
    "https://deno.land/std@0.210.0/assert/assert_match.ts": "e541a9769cf5726312ff9e15031e2faa2df3c59fbdc5573c8758b1f4668ccc62",
    "https://deno.land/std@0.210.0/assert/assert_not_equals.ts": "6bce4b28f3316029c0aef107f8390796798835c382d31c1004160baef0b80db0",
    "https://deno.land/std@0.210.0/assert/assert_not_instance_of.ts": "866243fd28bc6665e2ffcc027a9df1d2a69cb644aef1e9b8d1ce34377c6b8a84",
    "https://deno.land/std@0.210.0/assert/assert_not_match.ts": "59707eceb0d2b16d6892fbf92ec86f92fd76fcfc55f8b61508299db7d2972cab",
    "https://deno.land/std@0.210.0/assert/assert_not_strict_equals.ts": "c84b8e229450e8dfc44b9910d602788313ff7333d67d5bd8528371567b6a3632",
    "https://deno.land/std@0.210.0/assert/assert_object_match.ts": "ebeff248d48e5810f787e8742ae4f6b39904f4640edc2f69796596ceb6dbcdf8",
    "https://deno.land/std@0.210.0/assert/assert_rejects.ts": "f7e83272d816e1b39710012a0597ed950db2de6b193adcc5e50ddbcd9e177767",
    "https://deno.land/std@0.210.0/assert/assert_strict_equals.ts": "4007dabef1c2e9d6f1bb0e948ba7ba99ec9b1bee97ba34d67f7c10e7e5d794f7",
    "https://deno.land/std@0.210.0/assert/assert_string_includes.ts": "108a30d9348e5ff7a8b0b7cc836cf0a8cff27d5b33e861b8c56b52cc60b8219a",
    "https://deno.land/std@0.210.0/assert/assert_throws.ts": "a8767e6a06e94bac42ca9eebdad5d4e2decbc0c48bc892da7e06aa1fe0b388ba",
    "https://deno.land/std@0.210.0/assert/assertion_error.ts": "26ed1863d905005f00785c89750c001c3522c5417e4f58f95044b8143cfc1593",
    "https://deno.land/std@0.210.0/assert/equal.ts": "6f81c8a3b12c08bdc3510c8a1293b4db1c083692219d7e3828d2234b448d3d3d",
    "https://deno.land/std@0.210.0/assert/fail.ts": "f56fc64f9a141f98c1be5ff1005ddf158db888b7b206510e955bb3fedc69021c",
    "https://deno.land/std@0.210.0/assert/mod.ts": "37c49a26aae2b254bbe25723434dc28cd7532e444cf0b481a97c045d110ec085",
    "https://deno.land/std@0.210.0/assert/unimplemented.ts": "4e3e504792c87c485dbc5f4020489d8806ef697741403af2008dfa7b5a4711e8",
    "https://deno.land/std@0.210.0/assert/unreachable.ts": "1af8c99421cc5fb7332454b2b9eca074a4e394895a180bc837750dedcca75338",
    "https://deno.land/std@0.210.0/data_structures/binary_heap.ts": "5187f3ef6b38798e2c2c66ec759cae85044549bfcfeba1935eed8014457b6538",
    "https://deno.land/std@0.210.0/data_structures/comparators.ts": "18f648e5d40f4dcfd0053cd4705534f3aa17005bee3acf4fc3224e7857e05f13",
    "https://deno.land/std@0.210.0/fmt/colors.ts": "2685c524bef9b16b3059a417daf6860c754eb755e19e812762ef5dff62f24481",
    "https://deno.land/x/esbuild@v0.17.18/mod.d.ts": "dc279a3a46f084484453e617c0cabcd5b8bd1920c0e562e4ea02dfc828c8f968",
    "https://deno.land/x/esbuild@v0.17.19/wasm.d.ts": "dc279a3a46f084484453e617c0cabcd5b8bd1920c0e562e4ea02dfc828c8f968",
    "https://deno.land/x/esbuild@v0.17.19/wasm.js": "3cf3edb879f867945fff95a975e380ce67b9917c7a498e5df16b1c18b2343526",
    "https://deno.land/x/esbuild_deno_loader@0.7.0/deps.ts": "1c312cea080df5e550f6adc00d97f42ac9b6f514988a8e07e839c68a4634f296",
    "https://deno.land/x/esbuild_deno_loader@0.7.0/mod.ts": "ebf6726cf3bb9d1a992bddb99a9acb628d376cad4a1c48452345366fdc53e60c",
    "https://deno.land/x/esbuild_deno_loader@0.7.0/src/deno.ts": "88bc896666e5290ce31d7fe98a7c1b67e9c68f8b8bcdf89ad4a983bbd841a458",
    "https://deno.land/x/esbuild_deno_loader@0.7.0/src/loader_native.ts": "495f73abe07bc07738396536e494e1e63d09b01cb38e9b5e34fbdda6da662ba8",
    "https://deno.land/x/esbuild_deno_loader@0.7.0/src/loader_portable.ts": "036c1ff6300e3a78f6e6355bde92eb28c6f3b84439d0969262022283f0f40559",
    "https://deno.land/x/esbuild_deno_loader@0.7.0/src/plugin_deno_loader.ts": "fe9c4f231cec7ad759c7f4b5e2e15205fc2e245b6c8bfd6a12dec6df30648b55",
    "https://deno.land/x/esbuild_deno_loader@0.7.0/src/plugin_deno_resolver.ts": "bfa1a38d4edd6a75b363fee2163039a8525eaba37c76955070069186c7a2cddb",
    "https://deno.land/x/esbuild_deno_loader@0.7.0/src/shared.ts": "7233a824b8357836bfa62975f78ab602442a0d880411c32ead8859035abd9d63",
    "https://deno.land/x/importmap@0.2.1/_util.ts": "ada9a9618b537e6c0316c048a898352396c882b9f2de38aba18fd3f2950ede89",
    "https://deno.land/x/importmap@0.2.1/mod.ts": "ae3d1cd7eabd18c01a4960d57db471126b020f23b37ef14e1359bbb949227ade",
    "https://esm.sh/pretty-ms@8.0.0": "6e335c3456b264d28c87867ae3acb2fc236975ff7e1fd16598699f1af9293694",
    "https://esm.sh/v122/parse-ms@3.0.0/deno/parse-ms.mjs": "13bbd6a90f0a1e921ad14699bad3f838877bfd0593c53cd05414daa3b4665adc",
    "https://esm.sh/v122/pretty-ms@8.0.0/deno/pretty-ms.mjs": "cca47f90296be6c664786289749f64e5afaff83ad248e49941f7262be7002362",
    "https://esm.sh/v122/pretty-ms@8.0.0/index.d.ts": "4ae779eac2cc17df9f31fd4985adcac35c0904faa3eb103dd9bc90e6261b736b"
  }
}
