{
  "version": "4",
  "specifiers": {
    "jsr:@deno/cache-dir@0.13.2": "0.13.2",
    "jsr:@deno/emit@*": "0.46.0",
    "jsr:@deno/emit@0.46": "0.46.0",
    "jsr:@deno/graph@~0.73.1": "0.73.1",
    "jsr:@std/assert@0.223": "0.223.0",
    "jsr:@std/assert@^1.0.9": "1.0.9",
    "jsr:@std/bytes@0.223": "0.223.0",
    "jsr:@std/cli@^1.0.8": "1.0.8",
    "jsr:@std/data-structures@^1.0.4": "1.0.4",
    "jsr:@std/fmt@0.223": "0.223.0",
    "jsr:@std/fmt@^1.0.3": "1.0.3",
    "jsr:@std/fs@0.223": "0.223.0",
    "jsr:@std/fs@^1.0.6": "1.0.6",
    "jsr:@std/internal@^1.0.5": "1.0.5",
    "jsr:@std/io@0.223": "0.223.0",
    "jsr:@std/path@0.223": "0.223.0",
    "jsr:@std/path@^1.0.8": "1.0.8",
    "npm:nerdamer@1.1.13": "1.1.13",
    "npm:nerdamer@^1.1.13": "1.1.13"
  },
  "jsr": {
    "@deno/cache-dir@0.13.2": {
      "integrity": "c22419dfe27ab85f345bee487aaaadba498b005cce3644e9d2528db035c5454d",
      "dependencies": [
        "jsr:@deno/graph",
        "jsr:@std/fmt@0.223",
        "jsr:@std/fs@0.223",
        "jsr:@std/io",
        "jsr:@std/path@0.223"
      ]
    },
    "@deno/emit@0.46.0": {
      "integrity": "e276be2c77bac1b93caf775762e2a49a54cb00da2d48ca2b01ed8d7cba9d082c",
      "dependencies": [
        "jsr:@deno/cache-dir",
        "jsr:@std/path@0.223"
      ]
    },
    "@deno/graph@0.73.1": {
      "integrity": "cd69639d2709d479037d5ce191a422eabe8d71bb68b0098344f6b07411c84d41"
    },
    "@std/assert@0.223.0": {
      "integrity": "eb8d6d879d76e1cc431205bd346ed4d88dc051c6366365b1af47034b0670be24"
    },
    "@std/assert@1.0.9": {
      "integrity": "a9f0c611a869cc791b26f523eec54c7e187aab7932c2c8e8bea0622d13680dcd",
      "dependencies": [
        "jsr:@std/internal"
      ]
    },
    "@std/bytes@0.223.0": {
      "integrity": "84b75052cd8680942c397c2631318772b295019098f40aac5c36cead4cba51a8"
    },
    "@std/cli@1.0.8": {
      "integrity": "3762d8dc9a373715c08d871c38d45e637b25266f013a1d0bbe560bca409de94e"
    },
    "@std/data-structures@1.0.4": {
      "integrity": "fa0e20c11eb9ba673417450915c750a0001405a784e2a4e0c3725031681684a0"
    },
    "@std/fmt@0.223.0": {
      "integrity": "6deb37794127dfc7d7bded2586b9fc6f5d50e62a8134846608baf71ffc1a5208"
    },
    "@std/fmt@1.0.3": {
      "integrity": "97765c16aa32245ff4e2204ecf7d8562496a3cb8592340a80e7e554e0bb9149f"
    },
    "@std/fs@0.223.0": {
      "integrity": "3b4b0550b2c524cbaaa5a9170c90e96cbb7354e837ad1bdaf15fc9df1ae9c31c"
    },
    "@std/fs@1.0.6": {
      "integrity": "42b56e1e41b75583a21d5a37f6a6a27de9f510bcd36c0c85791d685ca0b85fa2",
      "dependencies": [
        "jsr:@std/path@^1.0.8"
      ]
    },
    "@std/internal@1.0.5": {
      "integrity": "54a546004f769c1ac9e025abd15a76b6671ddc9687e2313b67376125650dc7ba"
    },
    "@std/io@0.223.0": {
      "integrity": "2d8c3c2ab3a515619b90da2c6ff5ea7b75a94383259ef4d02116b228393f84f1",
      "dependencies": [
        "jsr:@std/assert@0.223",
        "jsr:@std/bytes"
      ]
    },
    "@std/path@0.223.0": {
      "integrity": "593963402d7e6597f5a6e620931661053572c982fc014000459edc1f93cc3989",
      "dependencies": [
        "jsr:@std/assert@0.223"
      ]
    },
    "@std/path@1.0.8": {
      "integrity": "548fa456bb6a04d3c1a1e7477986b6cffbce95102d0bb447c67c4ee70e0364be"
    }
  },
  "npm": {
    "nerdamer@1.1.13": {
      "integrity": "sha512-kQGQYd42eQpKDOnU8ZnRKF47c+gK6jVC46eUchrABsovtFruHvsjyjBO32jck8QnpZE5z5R8HQw72hQX9Oq2MQ=="
    }
  },
  "redirects": {
    "https://esm.sh/got": "https://esm.sh/got@14.4.5",
    "https://esm.sh/ky": "https://esm.sh/ky@1.7.3"
  },
  "remote": {
    "https://esm.sh/": "a467aff52eab120b03a3732e528166cafcf1837c69b7d8914bcb1ae39ef3bd51",
    "https://esm.sh/@graph-algorithm/minimum-cut@2.0.0": "ff9bfdb61cee3003289127b3e8af88fa279b175b06a2bd4d62a01259edbced55",
    "https://esm.sh/got@14.4.5": "d0352ac33fc57f745182ac23c3575fb2100497d9735a2e39a773a8f21839e557",
    "https://esm.sh/ky@1.7.3": "076dcb03860ef5b18267def3394e2e93770cac464ee9b2b8bc3d7e61a02f23eb",
    "https://esm.sh/pretty-ms@9.2.0": "0582d50f2db488da1a68f2b38646e94f28250ac8f00e91756afef459df77b85b",
    "https://esm.sh/v135/@data-structure/deque@9.0.1/denonext/deque.mjs": "bdc730b8b9480083d4d65ae2f9b589275b62e40709a28ccfcaafc6d14be5c84a",
    "https://esm.sh/v135/@failure-abstraction/error@6.0.1/denonext/error.mjs": "b34ae59223829385f8dbc349d2e37d4cf3e7a914260c6f30c0d76dd2f09f7e94",
    "https://esm.sh/v135/@graph-algorithm/minimum-cut@2.0.0/denonext/minimum-cut.mjs": "08aaaebbb3801cd271d50bc935c86f55027f374795e5a6ee2b277b463020e86d",
    "https://esm.sh/v135/@heap-data-structure/pairing-heap@4.0.0/denonext/pairing-heap.mjs": "6d648086652437fefd562697e11af14b35bc1dfa676b7234cb218e4987597f83",
    "https://esm.sh/v135/@iterable-iterator/consume@1.0.1/denonext/consume.mjs": "72135cc514fcdbc915b0677325a9d87319ae8bc443906da1de28ac61c46679ab",
    "https://esm.sh/v135/@iterable-iterator/iter@1.0.1/denonext/iter.mjs": "232197b17eca50c520434e262c90a18c6e453cdf1e9faf5fc26af27ea6982a03",
    "https://esm.sh/v135/@iterable-iterator/list@1.0.1/denonext/list.mjs": "9e6266f3bf4c2f4cd08aa155a171841c4d4fd6a0719aa8a88599e324dd5358a6",
    "https://esm.sh/v135/@iterable-iterator/map@1.0.1/denonext/map.mjs": "8d2f58196ab971d5a329e86cc5ee157d735afe7221895deedbc92284ad09cc31",
    "https://esm.sh/v135/@iterable-iterator/reduce@1.0.1/denonext/reduce.mjs": "145184d8b53e1ed65a4dbd7192f1dd8b3b31b2414bafeb132d4d66ac29dd4d63",
    "https://esm.sh/v135/@iterable-iterator/slice@1.0.2/denonext/slice.mjs": "76d224ea64d2f039b5036e08b3666d624e1036c859e7669fcfc5cb8941b3490c",
    "https://esm.sh/v135/@sec-ant/readable-stream@0.4.1/denonext/ponyfill.js": "c8444ca2d3c26d10464b783945262a57321e76dab65aa9f69d85ef3e4ff4579a",
    "https://esm.sh/v135/@sec-ant/readable-stream@0.4.1/denonext/ponyfill/asyncIterator.js": "44a75176f0900aac7f6a9e031c2b67e52dec9b4cc66a3794ddc79d91daeb74a7",
    "https://esm.sh/v135/@sec-ant/readable-stream@0.4.1/denonext/ponyfill/fromAnyIterable.js": "016fed4ab37507b4f61007d121703c9108ea1ed547cf70c2035efeaf9413d9e3",
    "https://esm.sh/v135/@sindresorhus/is@7.0.1/denonext/is.mjs": "a8296b1cbd81283a6f44c19512b4e0e21da413cebd361bdb2f0f368647b2540c",
    "https://esm.sh/v135/@szmarczak/http-timer@5.0.1/denonext/http-timer.mjs": "c82d0b837fe6302ab5ea6c3b161625d8ee3a2cecbb072c2c8f63e346cb19e8a9",
    "https://esm.sh/v135/@total-order/key@1.0.0/denonext/key.mjs": "b9ece551dd3101d30e7f0d9633027a0c07de468b006b4d6832908269e7642346",
    "https://esm.sh/v135/@total-order/primitive@1.0.1/denonext/primitive.mjs": "3880c8a229901652d596ddee9cc490378828c50f1cd1bfe7e22d66959ddd3dae",
    "https://esm.sh/v135/cacheable-lookup@7.0.0/denonext/cacheable-lookup.mjs": "6d01cf8f1aa82a7596202749befa8ff12ee53dcca3f6921efe5ba7df617e593e",
    "https://esm.sh/v135/cacheable-request@12.0.1/denonext/cacheable-request.mjs": "6808d2cc6897dba2f10aea330d8463043689098838a5673242f32d1a0cb117cc",
    "https://esm.sh/v135/decompress-response@6.0.0/denonext/decompress-response.mjs": "628e284f44364ba118d76a195493042999cd91ee426b0f14747d4059a7da02ca",
    "https://esm.sh/v135/defer-to-connect@2.0.1/denonext/defer-to-connect.mjs": "c9e0f0cc6367ea27d6ffd08cc519b4dc7732d7cfff47825001117c1e33d0a8b6",
    "https://esm.sh/v135/form-data-encoder@4.0.2/denonext/form-data-encoder.mjs": "a5114030920771c5f0c3938ee841a43727b54576c299fc29c06687485618d131",
    "https://esm.sh/v135/get-stream@9.0.1/denonext/get-stream.mjs": "2b9c8cc992fbc61f470fc25925d31deb09f779a09b2f7e3544a3922306ac80e5",
    "https://esm.sh/v135/got@14.4.5/denonext/got.mjs": "f1276d3ccce6d8d980ebd5a90c90344aa694fd40505f59697ff86c6fddc50843",
    "https://esm.sh/v135/http-cache-semantics@4.1.1/denonext/http-cache-semantics.mjs": "38a8007e1f213275b42604e565d1d610f929a281f85cf3a54339fd1204966b32",
    "https://esm.sh/v135/http2-wrapper@2.2.1/denonext/http2-wrapper.mjs": "7c96ac0c3a3350c6c189ac5345accf55bf12ee38126166549ba69f9d6d2ef0a4",
    "https://esm.sh/v135/is-stream@4.0.1/denonext/is-stream.mjs": "beb69b386183e662cb7ca8be50b4ea6feda6e3ef5d6181c0603c8b073a6f25f4",
    "https://esm.sh/v135/json-buffer@3.0.1/denonext/json-buffer.mjs": "9a0b9c7267773885855f29d691a75c6c74e1cf06bc698151062222dffc105e56",
    "https://esm.sh/v135/keyv@4.5.4/denonext/keyv.mjs": "950354add348d4ba8fa0f7f67e94fa84c0f163e530aab900b334dc40f6b785eb",
    "https://esm.sh/v135/ky@1.7.3/denonext/ky.mjs": "9cc12097b050af1db04d3d6deda5b6f32ba92b45724c68a1c9cf7029e901453b",
    "https://esm.sh/v135/lowercase-keys@3.0.0/denonext/lowercase-keys.mjs": "f1a4a709ff24efcf2e2fb86fe066fb2f76666d1daf959698bb3557975e5ed74f",
    "https://esm.sh/v135/mimic-response@3.1.0/denonext/mimic-response.mjs": "63077add5ea8e801ef1ff8476a4b28e41a0a82a3c900a44b1cdd68422417d96e",
    "https://esm.sh/v135/mimic-response@4.0.0/denonext/mimic-response.mjs": "1d9e10c4ca76e5eeb20ce3393c74f9f5c2ca3d979f7a59299a2503cd545ac18e",
    "https://esm.sh/v135/normalize-url@8.0.1/denonext/normalize-url.mjs": "a921bae8f85827620e69d7ff10767c496fcb736f682c0cc0b47a88fac2f50666",
    "https://esm.sh/v135/p-cancelable@4.0.1/denonext/p-cancelable.mjs": "09da19e500fe19a6949e6c92f7ea83397eafcc143c4b15cf501b9b6dc2064322",
    "https://esm.sh/v135/parse-ms@4.0.0/denonext/parse-ms.mjs": "9e53f5d1b0758c9fdab5d2a730a4076c7ca0b115d11481c46dcef6ca6035049c",
    "https://esm.sh/v135/pretty-ms@9.2.0/denonext/pretty-ms.mjs": "8ca288c130fdcf8986c4831e01166de33901e06f9c219430c9643ac1b770e7b0",
    "https://esm.sh/v135/quick-lru@5.1.1/denonext/quick-lru.mjs": "e95709ad946c65e2c6be24f680b8fa2cd6d810b8765fd055ce0eee3b8e2861a2",
    "https://esm.sh/v135/resolve-alpn@1.2.1/denonext/resolve-alpn.mjs": "efa8c4fccc424483ac7031139dc506a1ca6a3f2c7955f53c2a114993173455bf",
    "https://esm.sh/v135/responselike@3.0.0/denonext/responselike.mjs": "b266a17bdd3165cc2e8c05e1fa7f992ab92a8ba9632106afdd58f789dc252897"
  },
  "workspace": {
    "dependencies": [
      "jsr:@deno/emit@0.46",
      "jsr:@std/assert@^1.0.9",
      "jsr:@std/cli@^1.0.8",
      "jsr:@std/data-structures@^1.0.4",
      "jsr:@std/fmt@^1.0.3",
      "jsr:@std/fs@^1.0.6",
      "jsr:@std/path@^1.0.8",
      "npm:nerdamer@^1.1.13"
    ]
  }
}
